// !$*UTF8*$!
{
	archiveVersion = 1;
	classes = {
	};
	objectVersion = 50;
	objects = {

/* Begin PBXBuildFile section */
		AB31D58E2587C37B00039F1A /* UserAuth.swift in Sources */ = {isa = PBXBuildFile; fileRef = AB31D58D2587C37B00039F1A /* UserAuth.swift */; };
		AB33B4BC25838C4000894EA9 /* AppDelegate.swift in Sources */ = {isa = PBXBuildFile; fileRef = AB33B4BB25838C4000894EA9 /* AppDelegate.swift */; };
		AB33B4BE25838C4000894EA9 /* SceneDelegate.swift in Sources */ = {isa = PBXBuildFile; fileRef = AB33B4BD25838C4000894EA9 /* SceneDelegate.swift */; };
		AB33B4C025838C4000894EA9 /* Login.swift in Sources */ = {isa = PBXBuildFile; fileRef = AB33B4BF25838C4000894EA9 /* Login.swift */; };
		AB33B4C225838C4200894EA9 /* Assets.xcassets in Resources */ = {isa = PBXBuildFile; fileRef = AB33B4C125838C4200894EA9 /* Assets.xcassets */; };
		AB33B4C525838C4200894EA9 /* Preview Assets.xcassets in Resources */ = {isa = PBXBuildFile; fileRef = AB33B4C425838C4200894EA9 /* Preview Assets.xcassets */; };
		AB33B4C825838C4200894EA9 /* LaunchScreen.storyboard in Resources */ = {isa = PBXBuildFile; fileRef = AB33B4C625838C4200894EA9 /* LaunchScreen.storyboard */; };
		ABE9CEF0258A23DA009690F5 /* GroupsList.swift in Sources */ = {isa = PBXBuildFile; fileRef = ABE9CEEF258A23DA009690F5 /* GroupsList.swift */; };
		ABE9CEF3258A326C009690F5 /* Home.swift in Sources */ = {isa = PBXBuildFile; fileRef = ABE9CEF2258A326C009690F5 /* Home.swift */; };
		ABE9CEF8258A3313009690F5 /* Structures.swift in Sources */ = {isa = PBXBuildFile; fileRef = ABE9CEF7258A3313009690F5 /* Structures.swift */; };
/* End PBXBuildFile section */

/* Begin PBXFileReference section */
		AB31D58D2587C37B00039F1A /* UserAuth.swift */ = {isa = PBXFileReference; lastKnownFileType = sourcecode.swift; path = UserAuth.swift; sourceTree = "<group>"; };
		AB33B4B825838C4000894EA9 /* Owe It.app */ = {isa = PBXFileReference; explicitFileType = wrapper.application; includeInIndex = 0; path = "Owe It.app"; sourceTree = BUILT_PRODUCTS_DIR; };
		AB33B4BB25838C4000894EA9 /* AppDelegate.swift */ = {isa = PBXFileReference; lastKnownFileType = sourcecode.swift; path = AppDelegate.swift; sourceTree = "<group>"; };
		AB33B4BD25838C4000894EA9 /* SceneDelegate.swift */ = {isa = PBXFileReference; lastKnownFileType = sourcecode.swift; path = SceneDelegate.swift; sourceTree = "<group>"; };
		AB33B4BF25838C4000894EA9 /* Login.swift */ = {isa = PBXFileReference; lastKnownFileType = sourcecode.swift; path = Login.swift; sourceTree = "<group>"; };
		AB33B4C125838C4200894EA9 /* Assets.xcassets */ = {isa = PBXFileReference; lastKnownFileType = folder.assetcatalog; path = Assets.xcassets; sourceTree = "<group>"; };
		AB33B4C425838C4200894EA9 /* Preview Assets.xcassets */ = {isa = PBXFileReference; lastKnownFileType = folder.assetcatalog; path = "Preview Assets.xcassets"; sourceTree = "<group>"; };
		AB33B4C725838C4200894EA9 /* Base */ = {isa = PBXFileReference; lastKnownFileType = file.storyboard; name = Base; path = Base.lproj/LaunchScreen.storyboard; sourceTree = "<group>"; };
		AB33B4C925838C4200894EA9 /* Info.plist */ = {isa = PBXFileReference; lastKnownFileType = text.plist.xml; path = Info.plist; sourceTree = "<group>"; };
		ABE9CEEF258A23DA009690F5 /* GroupsList.swift */ = {isa = PBXFileReference; lastKnownFileType = sourcecode.swift; path = GroupsList.swift; sourceTree = "<group>"; };
		ABE9CEF2258A326C009690F5 /* Home.swift */ = {isa = PBXFileReference; lastKnownFileType = sourcecode.swift; path = Home.swift; sourceTree = "<group>"; };
		ABE9CEF7258A3313009690F5 /* Structures.swift */ = {isa = PBXFileReference; lastKnownFileType = sourcecode.swift; path = Structures.swift; sourceTree = "<group>"; };
/* End PBXFileReference section */

/* Begin PBXFrameworksBuildPhase section */
		AB33B4B525838C4000894EA9 /* Frameworks */ = {
			isa = PBXFrameworksBuildPhase;
			buildActionMask = 2147483647;
			files = (
			);
			runOnlyForDeploymentPostprocessing = 0;
		};
/* End PBXFrameworksBuildPhase section */

/* Begin PBXGroup section */
		AB2A84B22589133A00D1E84E /* Views */ = {
			isa = PBXGroup;
			children = (
				AB33B4BF25838C4000894EA9 /* Login.swift */,
				ABE9CEF2258A326C009690F5 /* Home.swift */,
				ABE9CEF5258A3286009690F5 /* GroupsList */,
			);
			path = Views;
			sourceTree = "<group>";
		};
		AB31D58C2587C31300039F1A /* Network */ = {
			isa = PBXGroup;
			children = (
				AB31D58D2587C37B00039F1A /* UserAuth.swift */,
				ABE9CEEF258A23DA009690F5 /* GroupsList.swift */,
			);
			path = Network;
			sourceTree = "<group>";
		};
		AB33B4AF25838C4000894EA9 = {
			isa = PBXGroup;
			children = (
				AB33B4BA25838C4000894EA9 /* Owe It */,
				AB33B4B925838C4000894EA9 /* Products */,
			);
			sourceTree = "<group>";
		};
		AB33B4B925838C4000894EA9 /* Products */ = {
			isa = PBXGroup;
			children = (
				AB33B4B825838C4000894EA9 /* Owe It.app */,
			);
			name = Products;
			sourceTree = "<group>";
		};
		AB33B4BA25838C4000894EA9 /* Owe It */ = {
			isa = PBXGroup;
			children = (
				AB33B4BB25838C4000894EA9 /* AppDelegate.swift */,
				ABE9CEF6258A3300009690F5 /* Structures */,
				AB33B4BD25838C4000894EA9 /* SceneDelegate.swift */,
				AB2A84B22589133A00D1E84E /* Views */,
				AB31D58C2587C31300039F1A /* Network */,
				AB33B4C125838C4200894EA9 /* Assets.xcassets */,
				AB33B4C625838C4200894EA9 /* LaunchScreen.storyboard */,
				AB33B4C925838C4200894EA9 /* Info.plist */,
				AB33B4C325838C4200894EA9 /* Preview Content */,
			);
			path = "Owe It";
			sourceTree = "<group>";
		};
		AB33B4C325838C4200894EA9 /* Preview Content */ = {
			isa = PBXGroup;
			children = (
				AB33B4C425838C4200894EA9 /* Preview Assets.xcassets */,
			);
			path = "Preview Content";
			sourceTree = "<group>";
		};
		ABE9CEF5258A3286009690F5 /* GroupsList */ = {
			isa = PBXGroup;
			children = (
			);
			path = GroupsList;
			sourceTree = "<group>";
		};
		ABE9CEF6258A3300009690F5 /* Structures */ = {
			isa = PBXGroup;
			children = (
				ABE9CEF7258A3313009690F5 /* Structures.swift */,
			);
			path = Structures;
			sourceTree = "<group>";
		};
/* End PBXGroup section */

/* Begin PBXNativeTarget section */
		AB33B4B725838C4000894EA9 /* Owe It */ = {
			isa = PBXNativeTarget;
			buildConfigurationList = AB33B4CC25838C4200894EA9 /* Build configuration list for PBXNativeTarget "Owe It" */;
			buildPhases = (
				AB33B4B425838C4000894EA9 /* Sources */,
				AB33B4B525838C4000894EA9 /* Frameworks */,
				AB33B4B625838C4000894EA9 /* Resources */,
			);
			buildRules = (
			);
			dependencies = (
			);
			name = "Owe It";
			productName = "Owe It";
			productReference = AB33B4B825838C4000894EA9 /* Owe It.app */;
			productType = "com.apple.product-type.application";
		};
/* End PBXNativeTarget section */

/* Begin PBXProject section */
		AB33B4B025838C4000894EA9 /* Project object */ = {
			isa = PBXProject;
			attributes = {
				LastSwiftUpdateCheck = 1150;
				LastUpgradeCheck = 1150;
				ORGANIZATIONNAME = "Owe It";
				TargetAttributes = {
					AB33B4B725838C4000894EA9 = {
						CreatedOnToolsVersion = 11.5;
					};
				};
			};
			buildConfigurationList = AB33B4B325838C4000894EA9 /* Build configuration list for PBXProject "Owe It" */;
			compatibilityVersion = "Xcode 9.3";
			developmentRegion = en;
			hasScannedForEncodings = 0;
			knownRegions = (
				en,
				Base,
			);
			mainGroup = AB33B4AF25838C4000894EA9;
			productRefGroup = AB33B4B925838C4000894EA9 /* Products */;
			projectDirPath = "";
			projectRoot = "";
			targets = (
				AB33B4B725838C4000894EA9 /* Owe It */,
			);
		};
/* End PBXProject section */

/* Begin PBXResourcesBuildPhase section */
		AB33B4B625838C4000894EA9 /* Resources */ = {
			isa = PBXResourcesBuildPhase;
			buildActionMask = 2147483647;
			files = (
				AB33B4C825838C4200894EA9 /* LaunchScreen.storyboard in Resources */,
				AB33B4C525838C4200894EA9 /* Preview Assets.xcassets in Resources */,
				AB33B4C225838C4200894EA9 /* Assets.xcassets in Resources */,
			);
			runOnlyForDeploymentPostprocessing = 0;
		};
/* End PBXResourcesBuildPhase section */

/* Begin PBXSourcesBuildPhase section */
		AB33B4B425838C4000894EA9 /* Sources */ = {
			isa = PBXSourcesBuildPhase;
			buildActionMask = 2147483647;
			files = (
				AB33B4BC25838C4000894EA9 /* AppDelegate.swift in Sources */,
				AB33B4BE25838C4000894EA9 /* SceneDelegate.swift in Sources */,
				ABE9CEF0258A23DA009690F5 /* GroupsList.swift in Sources */,
				ABE9CEF8258A3313009690F5 /* Structures.swift in Sources */,
				AB31D58E2587C37B00039F1A /* UserAuth.swift in Sources */,
				ABE9CEF3258A326C009690F5 /* Home.swift in Sources */,
				AB33B4C025838C4000894EA9 /* Login.swift in Sources */,
			);
			runOnlyForDeploymentPostprocessing = 0;
		};
/* End PBXSourcesBuildPhase section */

/* Begin PBXVariantGroup section */
		AB33B4C625838C4200894EA9 /* LaunchScreen.storyboard */ = {
			isa = PBXVariantGroup;
			children = (
				AB33B4C725838C4200894EA9 /* Base */,
			);
			name = LaunchScreen.storyboard;
			sourceTree = "<group>";
		};
/* End PBXVariantGroup section */

/* Begin XCBuildConfiguration section */
		AB33B4CA25838C4200894EA9 /* Debug */ = {
			isa = XCBuildConfiguration;
			buildSettings = {
				ALWAYS_SEARCH_USER_PATHS = NO;
				CLANG_ANALYZER_NONNULL = YES;
				CLANG_ANALYZER_NUMBER_OBJECT_CONVERSION = YES_AGGRESSIVE;
				CLANG_CXX_LANGUAGE_STANDARD = "gnu++14";
				CLANG_CXX_LIBRARY = "libc++";
				CLANG_ENABLE_MODULES = YES;
				CLANG_ENABLE_OBJC_ARC = YES;
				CLANG_ENABLE_OBJC_WEAK = YES;
				CLANG_WARN_BLOCK_CAPTURE_AUTORELEASING = YES;
				CLANG_WARN_BOOL_CONVERSION = YES;
				CLANG_WARN_COMMA = YES;
				CLANG_WARN_CONSTANT_CONVERSION = YES;
				CLANG_WARN_DEPRECATED_OBJC_IMPLEMENTATIONS = YES;
				CLANG_WARN_DIRECT_OBJC_ISA_USAGE = YES_ERROR;
				CLANG_WARN_DOCUMENTATION_COMMENTS = YES;
				CLANG_WARN_EMPTY_BODY = YES;
				CLANG_WARN_ENUM_CONVERSION = YES;
				CLANG_WARN_INFINITE_RECURSION = YES;
				CLANG_WARN_INT_CONVERSION = YES;
				CLANG_WARN_NON_LITERAL_NULL_CONVERSION = YES;
				CLANG_WARN_OBJC_IMPLICIT_RETAIN_SELF = YES;
				CLANG_WARN_OBJC_LITERAL_CONVERSION = YES;
				CLANG_WARN_OBJC_ROOT_CLASS = YES_ERROR;
				CLANG_WARN_RANGE_LOOP_ANALYSIS = YES;
				CLANG_WARN_STRICT_PROTOTYPES = YES;
				CLANG_WARN_SUSPICIOUS_MOVE = YES;
				CLANG_WARN_UNGUARDED_AVAILABILITY = YES_AGGRESSIVE;
				CLANG_WARN_UNREACHABLE_CODE = YES;
				CLANG_WARN__DUPLICATE_METHOD_MATCH = YES;
				COPY_PHASE_STRIP = NO;
				DEBUG_INFORMATION_FORMAT = dwarf;
				ENABLE_STRICT_OBJC_MSGSEND = YES;
				ENABLE_TESTABILITY = YES;
				GCC_C_LANGUAGE_STANDARD = gnu11;
				GCC_DYNAMIC_NO_PIC = NO;
				GCC_NO_COMMON_BLOCKS = YES;
				GCC_OPTIMIZATION_LEVEL = 0;
				GCC_PREPROCESSOR_DEFINITIONS = (
					"DEBUG=1",
					"$(inherited)",
				);
				GCC_WARN_64_TO_32_BIT_CONVERSION = YES;
				GCC_WARN_ABOUT_RETURN_TYPE = YES_ERROR;
				GCC_WARN_UNDECLARED_SELECTOR = YES;
				GCC_WARN_UNINITIALIZED_AUTOS = YES_AGGRESSIVE;
				GCC_WARN_UNUSED_FUNCTION = YES;
				GCC_WARN_UNUSED_VARIABLE = YES;
				IPHONEOS_DEPLOYMENT_TARGET = 13.5;
				MTL_ENABLE_DEBUG_INFO = INCLUDE_SOURCE;
				MTL_FAST_MATH = YES;
				ONLY_ACTIVE_ARCH = YES;
				SDKROOT = iphoneos;
				SWIFT_ACTIVE_COMPILATION_CONDITIONS = DEBUG;
				SWIFT_OPTIMIZATION_LEVEL = "-Onone";
			};
			name = Debug;
		};
		AB33B4CB25838C4200894EA9 /* Release */ = {
			isa = XCBuildConfiguration;
			buildSettings = {
				ALWAYS_SEARCH_USER_PATHS = NO;
				CLANG_ANALYZER_NONNULL = YES;
				CLANG_ANALYZER_NUMBER_OBJECT_CONVERSION = YES_AGGRESSIVE;
				CLANG_CXX_LANGUAGE_STANDARD = "gnu++14";
				CLANG_CXX_LIBRARY = "libc++";
				CLANG_ENABLE_MODULES = YES;
				CLANG_ENABLE_OBJC_ARC = YES;
				CLANG_ENABLE_OBJC_WEAK = YES;
				CLANG_WARN_BLOCK_CAPTURE_AUTORELEASING = YES;
				CLANG_WARN_BOOL_CONVERSION = YES;
				CLANG_WARN_COMMA = YES;
				CLANG_WARN_CONSTANT_CONVERSION = YES;
				CLANG_WARN_DEPRECATED_OBJC_IMPLEMENTATIONS = YES;
				CLANG_WARN_DIRECT_OBJC_ISA_USAGE = YES_ERROR;
				CLANG_WARN_DOCUMENTATION_COMMENTS = YES;
				CLANG_WARN_EMPTY_BODY = YES;
				CLANG_WARN_ENUM_CONVERSION = YES;
				CLANG_WARN_INFINITE_RECURSION = YES;
				CLANG_WARN_INT_CONVERSION = YES;
				CLANG_WARN_NON_LITERAL_NULL_CONVERSION = YES;
				CLANG_WARN_OBJC_IMPLICIT_RETAIN_SELF = YES;
				CLANG_WARN_OBJC_LITERAL_CONVERSION = YES;
				CLANG_WARN_OBJC_ROOT_CLASS = YES_ERROR;
				CLANG_WARN_RANGE_LOOP_ANALYSIS = YES;
				CLANG_WARN_STRICT_PROTOTYPES = YES;
				CLANG_WARN_SUSPICIOUS_MOVE = YES;
				CLANG_WARN_UNGUARDED_AVAILABILITY = YES_AGGRESSIVE;
				CLANG_WARN_UNREACHABLE_CODE = YES;
				CLANG_WARN__DUPLICATE_METHOD_MATCH = YES;
				COPY_PHASE_STRIP = NO;
				DEBUG_INFORMATION_FORMAT = "dwarf-with-dsym";
				ENABLE_NS_ASSERTIONS = NO;
				ENABLE_STRICT_OBJC_MSGSEND = YES;
				GCC_C_LANGUAGE_STANDARD = gnu11;
				GCC_NO_COMMON_BLOCKS = YES;
				GCC_WARN_64_TO_32_BIT_CONVERSION = YES;
				GCC_WARN_ABOUT_RETURN_TYPE = YES_ERROR;
				GCC_WARN_UNDECLARED_SELECTOR = YES;
				GCC_WARN_UNINITIALIZED_AUTOS = YES_AGGRESSIVE;
				GCC_WARN_UNUSED_FUNCTION = YES;
				GCC_WARN_UNUSED_VARIABLE = YES;
				IPHONEOS_DEPLOYMENT_TARGET = 13.5;
				MTL_ENABLE_DEBUG_INFO = NO;
				MTL_FAST_MATH = YES;
				SDKROOT = iphoneos;
				SWIFT_COMPILATION_MODE = wholemodule;
				SWIFT_OPTIMIZATION_LEVEL = "-O";
				VALIDATE_PRODUCT = YES;
			};
			name = Release;
		};
		AB33B4CD25838C4200894EA9 /* Debug */ = {
			isa = XCBuildConfiguration;
			buildSettings = {
				ASSETCATALOG_COMPILER_APPICON_NAME = AppIcon;
				CODE_SIGN_STYLE = Automatic;
				DEVELOPMENT_ASSET_PATHS = "\"Owe It/Preview Content\"";
				DEVELOPMENT_TEAM = VC5ALMH8V2;
				ENABLE_PREVIEWS = YES;
				INFOPLIST_FILE = "Owe It/Info.plist";
				LD_RUNPATH_SEARCH_PATHS = (
					"$(inherited)",
					"@executable_path/Frameworks",
				);
				PRODUCT_BUNDLE_IDENTIFIER = "jonathan.Owe-It";
				PRODUCT_NAME = "Owe It";
				SWIFT_VERSION = 5.0;
				TARGETED_DEVICE_FAMILY = 1;
			};
			name = Debug;
		};
		AB33B4CE25838C4200894EA9 /* Release */ = {
			isa = XCBuildConfiguration;
			buildSettings = {
				ASSETCATALOG_COMPILER_APPICON_NAME = AppIcon;
				CODE_SIGN_STYLE = Automatic;
				DEVELOPMENT_ASSET_PATHS = "\"Owe It/Preview Content\"";
				DEVELOPMENT_TEAM = VC5ALMH8V2;
				ENABLE_PREVIEWS = YES;
				INFOPLIST_FILE = "Owe It/Info.plist";
				LD_RUNPATH_SEARCH_PATHS = (
					"$(inherited)",
					"@executable_path/Frameworks",
				);
				PRODUCT_BUNDLE_IDENTIFIER = "jonathan.Owe-It";
				PRODUCT_NAME = "Owe It";
				SWIFT_VERSION = 5.0;
				TARGETED_DEVICE_FAMILY = 1;
			};
			name = Release;
		};
/* End XCBuildConfiguration section */

/* Begin XCConfigurationList section */
		AB33B4B325838C4000894EA9 /* Build configuration list for PBXProject "Owe It" */ = {
			isa = XCConfigurationList;
			buildConfigurations = (
				AB33B4CA25838C4200894EA9 /* Debug */,
				AB33B4CB25838C4200894EA9 /* Release */,
			);
			defaultConfigurationIsVisible = 0;
			defaultConfigurationName = Release;
		};
		AB33B4CC25838C4200894EA9 /* Build configuration list for PBXNativeTarget "Owe It" */ = {
			isa = XCConfigurationList;
			buildConfigurations = (
				AB33B4CD25838C4200894EA9 /* Debug */,
				AB33B4CE25838C4200894EA9 /* Release */,
			);
			defaultConfigurationIsVisible = 0;
			defaultConfigurationName = Release;
		};
/* End XCConfigurationList section */
	};
	rootObject = AB33B4B025838C4000894EA9 /* Project object */;
}
